
Microsoft Visual Studio Solution File, Format Version 12.00
# Visual Studio Version 17
VisualStudioVersion = 17.9.34728.123
MinimumVisualStudioVersion = 10.0.40219.1
Project("{9A19103F-16F7-4668-BE54-9A1E7A4F7556}") = "HiveHarmony", "HiveHarmony\HiveHarmony.csproj", "{397AD164-42B1-4933-8932-2CF725CB5589}"
EndProject
Project("{FAE04EC0-301F-11D3-BF4B-00C04F79EFBC}") = "HiveHarmony.API", "HiveHarmony.API\HiveHarmony.API.csproj", "{A7299251-6D26-4B1B-BC77-EFEB31FF2F7D}"
EndProject
Project("{FAE04EC0-301F-11D3-BF4B-00C04F79EFBC}") = "HiveHarmony.Core", "HiveHarmony.Core\HiveHarmony.Core.csproj", "{1797953E-DB7D-4209-A19C-B66FDF755AE2}"
EndProject
Global
	GlobalSection(SolutionConfigurationPlatforms) = preSolution
		Debug|Any CPU = Debug|Any CPU
		Release|Any CPU = Release|Any CPU
	EndGlobalSection
	GlobalSection(ProjectConfigurationPlatforms) = postSolution
		{397AD164-42B1-4933-8932-2CF725CB5589}.Debug|Any CPU.ActiveCfg = Debug|Any CPU
		{397AD164-42B1-4933-8932-2CF725CB5589}.Debug|Any CPU.Build.0 = Debug|Any CPU
		{397AD164-42B1-4933-8932-2CF725CB5589}.Release|Any CPU.ActiveCfg = Release|Any CPU
		{397AD164-42B1-4933-8932-2CF725CB5589}.Release|Any CPU.Build.0 = Release|Any CPU
		{A7299251-6D26-4B1B-BC77-EFEB31FF2F7D}.Debug|Any CPU.ActiveCfg = Debug|Any CPU
		{A7299251-6D26-4B1B-BC77-EFEB31FF2F7D}.Debug|Any CPU.Build.0 = Debug|Any CPU
		{A7299251-6D26-4B1B-BC77-EFEB31FF2F7D}.Release|Any CPU.ActiveCfg = Release|Any CPU
		{A7299251-6D26-4B1B-BC77-EFEB31FF2F7D}.Release|Any CPU.Build.0 = Release|Any CPU
		{1797953E-DB7D-4209-A19C-B66FDF755AE2}.Debug|Any CPU.ActiveCfg = Debug|Any CPU
		{1797953E-DB7D-4209-A19C-B66FDF755AE2}.Debug|Any CPU.Build.0 = Debug|Any CPU
		{1797953E-DB7D-4209-A19C-B66FDF755AE2}.Release|Any CPU.ActiveCfg = Release|Any CPU
		{1797953E-DB7D-4209-A19C-B66FDF755AE2}.Release|Any CPU.Build.0 = Release|Any CPU
	EndGlobalSection
	GlobalSection(SolutionProperties) = preSolution
		HideSolutionNode = FALSE
	EndGlobalSection
EndGlobal
